// !$*UTF8*$!
{
	archiveVersion = 1;
	classes = {
	};
	objectVersion = 46;
	objects = {

/* Begin PBXBuildFile section */
		D8663CC11CE4C59B00C8F11A /* AppDelegate.swift in Sources */ = {isa = PBXBuildFile; fileRef = D8663CC01CE4C59B00C8F11A /* AppDelegate.swift */; };
		D8663CC31CE4C59B00C8F11A /* ViewController.swift in Sources */ = {isa = PBXBuildFile; fileRef = D8663CC21CE4C59B00C8F11A /* ViewController.swift */; };
		D8663CC61CE4C59B00C8F11A /* Main.storyboard in Resources */ = {isa = PBXBuildFile; fileRef = D8663CC41CE4C59B00C8F11A /* Main.storyboard */; };
		D8663CC81CE4C59B00C8F11A /* Assets.xcassets in Resources */ = {isa = PBXBuildFile; fileRef = D8663CC71CE4C59B00C8F11A /* Assets.xcassets */; };
		D8663CCB1CE4C59B00C8F11A /* LaunchScreen.storyboard in Resources */ = {isa = PBXBuildFile; fileRef = D8663CC91CE4C59B00C8F11A /* LaunchScreen.storyboard */; };
		D8663CD31CE4C62100C8F11A /* background.jpeg in Resources */ = {isa = PBXBuildFile; fileRef = D8663CD21CE4C62100C8F11A /* background.jpeg */; };
/* End PBXBuildFile section */

/* Begin PBXFileReference section */
		D8663CBD1CE4C59B00C8F11A /* FlightBooking.app */ = {isa = PBXFileReference; explicitFileType = wrapper.application; includeInIndex = 0; path = FlightBooking.app; sourceTree = BUILT_PRODUCTS_DIR; };
		D8663CC01CE4C59B00C8F11A /* AppDelegate.swift */ = {isa = PBXFileReference; lastKnownFileType = sourcecode.swift; path = AppDelegate.swift; sourceTree = "<group>"; };
		D8663CC21CE4C59B00C8F11A /* ViewController.swift */ = {isa = PBXFileReference; lastKnownFileType = sourcecode.swift; path = ViewController.swift; sourceTree = "<group>"; };
		D8663CC51CE4C59B00C8F11A /* Base */ = {isa = PBXFileReference; lastKnownFileType = file.storyboard; name = Base; path = Base.lproj/Main.storyboard; sourceTree = "<group>"; };
		D8663CC71CE4C59B00C8F11A /* Assets.xcassets */ = {isa = PBXFileReference; lastKnownFileType = folder.assetcatalog; path = Assets.xcassets; sourceTree = "<group>"; };
		D8663CCA1CE4C59B00C8F11A /* Base */ = {isa = PBXFileReference; lastKnownFileType = file.storyboard; name = Base; path = Base.lproj/LaunchScreen.storyboard; sourceTree = "<group>"; };
		D8663CCC1CE4C59B00C8F11A /* Info.plist */ = {isa = PBXFileReference; lastKnownFileType = text.plist.xml; path = Info.plist; sourceTree = "<group>"; };
		D8663CD21CE4C62100C8F11A /* background.jpeg */ = {isa = PBXFileReference; lastKnownFileType = image.jpeg; path = background.jpeg; sourceTree = "<group>"; };
/* End PBXFileReference section */

/* Begin PBXFrameworksBuildPhase section */
		D8663CBA1CE4C59B00C8F11A /* Frameworks */ = {
			isa = PBXFrameworksBuildPhase;
			buildActionMask = 2147483647;
			files = (
			);
			runOnlyForDeploymentPostprocessing = 0;
		};
/* End PBXFrameworksBuildPhase section */

/* Begin PBXGroup section */
		D8663CB41CE4C59A00C8F11A = {
			isa = PBXGroup;
			children = (
				D8663CBF1CE4C59B00C8F11A /* FlightBooking */,
				D8663CBE1CE4C59B00C8F11A /* Products */,
			);
			sourceTree = "<group>";
		};
		D8663CBE1CE4C59B00C8F11A /* Products */ = {
			isa = PBXGroup;
			children = (
				D8663CBD1CE4C59B00C8F11A /* FlightBooking.app */,
			);
			name = Products;
			sourceTree = "<group>";
		};
		D8663CBF1CE4C59B00C8F11A /* FlightBooking */ = {
			isa = PBXGroup;
			children = (
				D8663CD21CE4C62100C8F11A /* background.jpeg */,
				D8663CC01CE4C59B00C8F11A /* AppDelegate.swift */,
				D8663CC21CE4C59B00C8F11A /* ViewController.swift */,
				D8663CC41CE4C59B00C8F11A /* Main.storyboard */,
				D8663CC71CE4C59B00C8F11A /* Assets.xcassets */,
				D8663CC91CE4C59B00C8F11A /* LaunchScreen.storyboard */,
				D8663CCC1CE4C59B00C8F11A /* Info.plist */,
			);
			path = FlightBooking;
			sourceTree = "<group>";
		};
/* End PBXGroup section */

/* Begin PBXNativeTarget section */
		D8663CBC1CE4C59B00C8F11A /* FlightBooking */ = {
			isa = PBXNativeTarget;
			buildConfigurationList = D8663CCF1CE4C59B00C8F11A /* Build configuration list for PBXNativeTarget "FlightBooking" */;
			buildPhases = (
				D8663CB91CE4C59B00C8F11A /* Sources */,
				D8663CBA1CE4C59B00C8F11A /* Frameworks */,
				D8663CBB1CE4C59B00C8F11A /* Resources */,
			);
			buildRules = (
			);
			dependencies = (
			);
			name = FlightBooking;
			productName = FlightBooking;
			productReference = D8663CBD1CE4C59B00C8F11A /* FlightBooking.app */;
			productType = "com.apple.product-type.application";
		};
/* End PBXNativeTarget section */

/* Begin PBXProject section */
		D8663CB51CE4C59B00C8F11A /* Project object */ = {
			isa = PBXProject;
			attributes = {
				LastSwiftUpdateCheck = 0730;
				LastUpgradeCheck = 0730;
				ORGANIZATIONNAME = "Hyung Jun Jun";
				TargetAttributes = {
					D8663CBC1CE4C59B00C8F11A = {
						CreatedOnToolsVersion = 7.3.1;
						DevelopmentTeam = U7W85Z46G7;
					};
				};
			};
			buildConfigurationList = D8663CB81CE4C59B00C8F11A /* Build configuration list for PBXProject "FlightBooking" */;
			compatibilityVersion = "Xcode 3.2";
			developmentRegion = English;
			hasScannedForEncodings = 0;
			knownRegions = (
				en,
				Base,
			);
			mainGroup = D8663CB41CE4C59A00C8F11A;
			productRefGroup = D8663CBE1CE4C59B00C8F11A /* Products */;
			projectDirPath = "";
			projectRoot = "";
			targets = (
				D8663CBC1CE4C59B00C8F11A /* FlightBooking */,
			);
		};
/* End PBXProject section */

/* Begin PBXResourcesBuildPhase section */
		D8663CBB1CE4C59B00C8F11A /* Resources */ = {
			isa = PBXResourcesBuildPhase;
			buildActionMask = 2147483647;
			files = (
				D8663CCB1CE4C59B00C8F11A /* LaunchScreen.storyboard in Resources */,
				D8663CC81CE4C59B00C8F11A /* Assets.xcassets in Resources */,
				D8663CC61CE4C59B00C8F11A /* Main.storyboard in Resources */,
				D8663CD31CE4C62100C8F11A /* background.jpeg in Resources */,
			);
			runOnlyForDeploymentPostprocessing = 0;
		};
/* End PBXResourcesBuildPhase section */

/* Begin PBXSourcesBuildPhase section */
		D8663CB91CE4C59B00C8F11A /* Sources */ = {
			isa = PBXSourcesBuildPhase;
			buildActionMask = 2147483647;
			files = (
				D8663CC31CE4C59B00C8F11A /* ViewController.swift in Sources */,
				D8663CC11CE4C59B00C8F11A /* AppDelegate.swift in Sources */,
			);
			runOnlyForDeploymentPostprocessing = 0;
		};
/* End PBXSourcesBuildPhase section */

/* Begin PBXVariantGroup section */
		D8663CC41CE4C59B00C8F11A /* Main.storyboard */ = {
			isa = PBXVariantGroup;
			children = (
				D8663CC51CE4C59B00C8F11A /* Base */,
			);
			name = Main.storyboard;
			sourceTree = "<group>";
		};
		D8663CC91CE4C59B00C8F11A /* LaunchScreen.storyboard */ = {
			isa = PBXVariantGroup;
			children = (
				D8663CCA1CE4C59B00C8F11A /* Base */,
			);
			name = LaunchScreen.storyboard;
			sourceTree = "<group>";
		};
/* End PBXVariantGroup section */

/* Begin XCBuildConfiguration section */
		D8663CCD1CE4C59B00C8F11A /* Debug */ = {
			isa = XCBuildConfiguration;
			buildSettings = {
				ALWAYS_SEARCH_USER_PATHS = NO;
				CLANG_ANALYZER_NONNULL = YES;
				CLANG_CXX_LANGUAGE_STANDARD = "gnu++0x";
				CLANG_CXX_LIBRARY = "libc++";
				CLANG_ENABLE_MODULES = YES;
				CLANG_ENABLE_OBJC_ARC = YES;
				CLANG_WARN_BOOL_CONVERSION = YES;
				CLANG_WARN_CONSTANT_CONVERSION = YES;
				CLANG_WARN_DIRECT_OBJC_ISA_USAGE = YES_ERROR;
				CLANG_WARN_EMPTY_BODY = YES;
				CLANG_WARN_ENUM_CONVERSION = YES;
				CLANG_WARN_INT_CONVERSION = YES;
				CLANG_WARN_OBJC_ROOT_CLASS = YES_ERROR;
				CLANG_WARN_UNREACHABLE_CODE = YES;
				CLANG_WARN__DUPLICATE_METHOD_MATCH = YES;
				"CODE_SIGN_IDENTITY[sdk=iphoneos*]" = "iPhone Developer";
				COPY_PHASE_STRIP = NO;
				DEBUG_INFORMATION_FORMAT = dwarf;
				ENABLE_STRICT_OBJC_MSGSEND = YES;
				ENABLE_TESTABILITY = YES;
				GCC_C_LANGUAGE_STANDARD = gnu99;
				GCC_DYNAMIC_NO_PIC = NO;
				GCC_NO_COMMON_BLOCKS = YES;
				GCC_OPTIMIZATION_LEVEL = 0;
				GCC_PREPROCESSOR_DEFINITIONS = (
					"DEBUG=1",
					"$(inherited)",
				);
				GCC_WARN_64_TO_32_BIT_CONVERSION = YES;
				GCC_WARN_ABOUT_RETURN_TYPE = YES_ERROR;
				GCC_WARN_UNDECLARED_SELECTOR = YES;
				GCC_WARN_UNINITIALIZED_AUTOS = YES_AGGRESSIVE;
				GCC_WARN_UNUSED_FUNCTION = YES;
				GCC_WARN_UNUSED_VARIABLE = YES;
				IPHONEOS_DEPLOYMENT_TARGET = 9.3;
				MTL_ENABLE_DEBUG_INFO = YES;
				ONLY_ACTIVE_ARCH = YES;
				SDKROOT = iphoneos;
				SWIFT_OPTIMIZATION_LEVEL = "-Onone";
			};
			name = Debug;
		};
		D8663CCE1CE4C59B00C8F11A /* Release */ = {
			isa = XCBuildConfiguration;
			buildSettings = {
				ALWAYS_SEARCH_USER_PATHS = NO;
				CLANG_ANALYZER_NONNULL = YES;
				CLANG_CXX_LANGUAGE_STANDARD = "gnu++0x";
				CLANG_CXX_LIBRARY = "libc++";
				CLANG_ENABLE_MODULES = YES;
				CLANG_ENABLE_OBJC_ARC = YES;
				CLANG_WARN_BOOL_CONVERSION = YES;
				CLANG_WARN_CONSTANT_CONVERSION = YES;
				CLANG_WARN_DIRECT_OBJC_ISA_USAGE = YES_ERROR;
				CLANG_WARN_EMPTY_BODY = YES;
				CLANG_WARN_ENUM_CONVERSION = YES;
				CLANG_WARN_INT_CONVERSION = YES;
				CLANG_WARN_OBJC_ROOT_CLASS = YES_ERROR;
				CLANG_WARN_UNREACHABLE_CODE = YES;
				CLANG_WARN__DUPLICATE_METHOD_MATCH = YES;
				"CODE_SIGN_IDENTITY[sdk=iphoneos*]" = "iPhone Developer";
				COPY_PHASE_STRIP = NO;
				DEBUG_INFORMATION_FORMAT = "dwarf-with-dsym";
				ENABLE_NS_ASSERTIONS = NO;
				ENABLE_STRICT_OBJC_MSGSEND = YES;
				GCC_C_LANGUAGE_STANDARD = gnu99;
				GCC_NO_COMMON_BLOCKS = YES;
				GCC_WARN_64_TO_32_BIT_CONVERSION = YES;
				GCC_WARN_ABOUT_RETURN_TYPE = YES_ERROR;
				GCC_WARN_UNDECLARED_SELECTOR = YES;
				GCC_WARN_UNINITIALIZED_AUTOS = YES_AGGRESSIVE;
				GCC_WARN_UNUSED_FUNCTION = YES;
				GCC_WARN_UNUSED_VARIABLE = YES;
				IPHONEOS_DEPLOYMENT_TARGET = 9.3;
				MTL_ENABLE_DEBUG_INFO = NO;
				SDKROOT = iphoneos;
				VALIDATE_PRODUCT = YES;
			};
			name = Release;
		};
		D8663CD01CE4C59B00C8F11A /* Debug */ = {
			isa = XCBuildConfiguration;
			buildSettings = {
				ASSETCATALOG_COMPILER_APPICON_NAME = AppIcon;
				INFOPLIST_FILE = FlightBooking/Info.plist;
				LD_RUNPATH_SEARCH_PATHS = "$(inherited) @executable_path/Frameworks";
				PRODUCT_BUNDLE_IDENTIFIER = com.hyungjin.FlightBooking;
				PRODUCT_NAME = "$(TARGET_NAME)";
			};
			name = Debug;
		};
		D8663CD11CE4C59B00C8F11A /* Release */ = {
			isa = XCBuildConfiguration;
			buildSettings = {
				ASSETCATALOG_COMPILER_APPICON_NAME = AppIcon;
				INFOPLIST_FILE = FlightBooking/Info.plist;
				LD_RUNPATH_SEARCH_PATHS = "$(inherited) @executable_path/Frameworks";
				PRODUCT_BUNDLE_IDENTIFIER = com.hyungjin.FlightBooking;
				PRODUCT_NAME = "$(TARGET_NAME)";
			};
			name = Release;
		};
/* End XCBuildConfiguration section */

/* Begin XCConfigurationList section */
		D8663CB81CE4C59B00C8F11A /* Build configuration list for PBXProject "FlightBooking" */ = {
			isa = XCConfigurationList;
			buildConfigurations = (
				D8663CCD1CE4C59B00C8F11A /* Debug */,
				D8663CCE1CE4C59B00C8F11A /* Release */,
			);
			defaultConfigurationIsVisible = 0;
			defaultConfigurationName = Release;
		};
		D8663CCF1CE4C59B00C8F11A /* Build configuration list for PBXNativeTarget "FlightBooking" */ = {
			isa = XCConfigurationList;
			buildConfigurations = (
				D8663CD01CE4C59B00C8F11A /* Debug */,
				D8663CD11CE4C59B00C8F11A /* Release */,
			);
			defaultConfigurationIsVisible = 0;
		};
/* End XCConfigurationList section */
	};
	rootObject = D8663CB51CE4C59B00C8F11A /* Project object */;
}
